
Microsoft Visual Studio Solution File, Format Version 12.00
# Visual Studio 15
VisualStudioVersion = 15.0.27130.2010
MinimumVisualStudioVersion = 10.0.40219.1
Project("{FAE04EC0-301F-11D3-BF4B-00C04F79EFBC}") = "UserRepository", "UserRepository\UserRepository.csproj", "{84819A11-F8A3-4D57-BC17-0A9B0FA157F8}"
EndProject
Global
	GlobalSection(SolutionConfigurationPlatforms) = preSolution
		Debug|Any CPU = Debug|Any CPU
		Release|Any CPU = Release|Any CPU
	EndGlobalSection
	GlobalSection(ProjectConfigurationPlatforms) = postSolution
		{84819A11-F8A3-4D57-BC17-0A9B0FA157F8}.Debug|Any CPU.ActiveCfg = Debug|Any CPU
		{84819A11-F8A3-4D57-BC17-0A9B0FA157F8}.Debug|Any CPU.Build.0 = Debug|Any CPU
		{84819A11-F8A3-4D57-BC17-0A9B0FA157F8}.Release|Any CPU.ActiveCfg = Release|Any CPU
		{84819A11-F8A3-4D57-BC17-0A9B0FA157F8}.Release|Any CPU.Build.0 = Release|Any CPU
	EndGlobalSection
	GlobalSection(SolutionProperties) = preSolution
		HideSolutionNode = FALSE
	EndGlobalSection
	GlobalSection(ExtensibilityGlobals) = postSolution
		SolutionGuid = {FB2049E8-0736-4948-A8DF-057B181C4955}
	EndGlobalSection
EndGlobal
